{
  "name": "npc-abuse",
  "version": "1.0.0",
  "lockfileVersion": 1,
  "requires": true,
  "dependencies": {
    "@rbxts/delay-spawn-wait": {
      "version": "1.0.3",
      "resolved": "https://registry.npmjs.org/@rbxts/delay-spawn-wait/-/delay-spawn-wait-1.0.3.tgz",
      "integrity": "sha512-FIofYErEgJJcq5iRrE+cvpNatodlE5TMfMva5V9DJr5K8mCAd5xoq8pdWGAvKUdoW0lrpDKsoWe1cwl97vX/5Q==",
      "requires": {
        "@rbxts/types": "^1.0.381"
      }
    },
    "@rbxts/fast-spawn": {
      "version": "1.1.0",
      "resolved": "https://registry.npmjs.org/@rbxts/fast-spawn/-/fast-spawn-1.1.0.tgz",
      "integrity": "sha512-t+xZtPOFU3pe1COYAq0YezUr1spd62D1yn9GvdHLhnCq7QLC3TVUxwZJ0/387Vbe8P1cq6toNBbohPQ7NB1xEQ==",
      "requires": {
        "@rbxts/delay-spawn-wait": "^1.0.0",
        "@rbxts/types": "^1.0.381"
      }
    },
    "@rbxts/signal": {
      "version": "1.0.2",
      "resolved": "https://registry.npmjs.org/@rbxts/signal/-/signal-1.0.2.tgz",
      "integrity": "sha512-IKifvNVUocncL+k4uKr9tMqqzHwAMJqhxyA1DlHjD141eZ/G8GGaOaqAbmUlvnJZ1dm5iztje+WuNcx+5fcwSg=="
    },
    "@rbxts/types": {
      "version": "1.0.385",
      "resolved": "https://registry.npmjs.org/@rbxts/types/-/types-1.0.385.tgz",
      "integrity": "sha512-mXvmBkrxa/IceyJK0buwTkjDW64IQbu2pUkCpJcnrad687blWP0fXUg8vYGiVVMUriyTHR041AnQW1/07CZQHA=="
    }
  }
}
